{
    "_readme": [
        "This file locks the dependencies of your project to a known state",
        "Read more about it at https://getcomposer.org/doc/01-basic-usage.md#installing-dependencies",
        "This file is @generated automatically"
    ],
    "content-hash": "f9a2c05bc006f8ffe60e4348444d3334",
    "packages": [
        {
            "name": "psr/container",
            "version": "1.0.0",
            "source": {
                "type": "git",
                "url": "https://github.com/php-fig/container.git",
                "reference": "b7ce3b176482dbbc1245ebf52b181af44c2cf55f"
            },
            "dist": {
                "type": "zip",
                "url": "https://api.github.com/repos/php-fig/container/zipball/b7ce3b176482dbbc1245ebf52b181af44c2cf55f",
                "reference": "b7ce3b176482dbbc1245ebf52b181af44c2cf55f",
                "shasum": ""
            },
            "require": {
                "php": ">=5.3.0"
            },
            "type": "library",
            "extra": {
                "branch-alias": {
                    "dev-master": "1.0.x-dev"
                }
            },
            "autoload": {
                "psr-4": {
                    "Psr\\Container\\": "src/"
                }
            },
            "notification-url": "https://packagist.org/downloads/",
            "license": [
                "MIT"
            ],
            "authors": [
                {
                    "name": "PHP-FIG",
                    "homepage": "http://www.php-fig.org/"
                }
            ],
            "description": "Common Container Interface (PHP FIG PSR-11)",
            "homepage": "https://github.com/php-fig/container",
            "keywords": [
                "PSR-11",
                "container",
                "container-interface",
                "container-interop",
                "psr"
            ],
            "time": "2017-02-14T16:28:37+00:00"
        },
        {
            "name": "psr/log",
            "version": "1.0.2",
            "source": {
                "type": "git",
                "url": "https://github.com/php-fig/log.git",
                "reference": "4ebe3a8bf773a19edfe0a84b6585ba3d401b724d"
            },
            "dist": {
                "type": "zip",
                "url": "https://api.github.com/repos/php-fig/log/zipball/4ebe3a8bf773a19edfe0a84b6585ba3d401b724d",
                "reference": "4ebe3a8bf773a19edfe0a84b6585ba3d401b724d",
                "shasum": ""
            },
            "require": {
                "php": ">=5.3.0"
            },
            "type": "library",
            "extra": {
                "branch-alias": {
                    "dev-master": "1.0.x-dev"
                }
            },
            "autoload": {
                "psr-4": {
                    "Psr\\Log\\": "Psr/Log/"
                }
            },
            "notification-url": "https://packagist.org/downloads/",
            "license": [
                "MIT"
            ],
            "authors": [
                {
                    "name": "PHP-FIG",
                    "homepage": "http://www.php-fig.org/"
                }
            ],
            "description": "Common interface for logging libraries",
            "homepage": "https://github.com/php-fig/log",
            "keywords": [
                "log",
                "psr",
                "psr-3"
            ],
            "time": "2016-10-10T12:19:37+00:00"
        },
        {
            "name": "psr/simple-cache",
            "version": "1.0.1",
            "source": {
                "type": "git",
                "url": "https://github.com/php-fig/simple-cache.git",
                "reference": "408d5eafb83c57f6365a3ca330ff23aa4a5fa39b"
            },
            "dist": {
                "type": "zip",
                "url": "https://api.github.com/repos/php-fig/simple-cache/zipball/408d5eafb83c57f6365a3ca330ff23aa4a5fa39b",
                "reference": "408d5eafb83c57f6365a3ca330ff23aa4a5fa39b",
                "shasum": ""
            },
            "require": {
                "php": ">=5.3.0"
            },
            "type": "library",
            "extra": {
                "branch-alias": {
                    "dev-master": "1.0.x-dev"
                }
            },
            "autoload": {
                "psr-4": {
                    "Psr\\SimpleCache\\": "src/"
                }
            },
            "notification-url": "https://packagist.org/downloads/",
            "license": [
                "MIT"
            ],
            "authors": [
                {
                    "name": "PHP-FIG",
                    "homepage": "http://www.php-fig.org/"
                }
            ],
            "description": "Common interfaces for simple caching",
            "keywords": [
                "cache",
                "caching",
                "psr",
                "psr-16",
                "simple-cache"
            ],
            "time": "2017-10-23T01:57:42+00:00"
        },
        {
            "name": "yiisoft/cache",
            "version": "dev-master",
            "source": {
                "type": "git",
                "url": "https://github.com/yiisoft/cache.git",
                "reference": "651c02c3ce81601eab45481d11247430eedb94ef"
            },
            "dist": {
                "type": "zip",
                "url": "https://api.github.com/repos/yiisoft/cache/zipball/651c02c3ce81601eab45481d11247430eedb94ef",
                "reference": "651c02c3ce81601eab45481d11247430eedb94ef",
                "shasum": ""
            },
            "require": {
                "psr/simple-cache": "~1.0.0"
            },
            "provide": {
                "psr/simple-cache-implementation": "1.0.0"
            },
            "type": "library",
            "extra": {
                "config-plugin": {
                    "params": "config/params.php",
                    "common": "config/common.php"
                }
            },
            "autoload": {
                "psr-4": {
                    "yiiunit\\cache\\": "tests"
                }
            },
            "notification-url": "https://packagist.org/downloads/",
            "license": [
                "BSD-3-Clause"
            ],
            "authors": [
                {
                    "name": "Qiang Xue",
                    "email": "qiang.xue@gmail.com",
                    "homepage": "http://www.yiiframework.com/",
                    "role": "Founder and project lead"
                },
                {
                    "name": "Alexander Makarov",
                    "email": "sam@rmcreative.ru",
                    "homepage": "http://rmcreative.ru/",
                    "role": "Core framework development"
                },
                {
                    "name": "Maurizio Domba",
                    "homepage": "http://mdomba.info/",
                    "role": "Core framework development"
                },
                {
                    "name": "Carsten Brandt",
                    "email": "mail@cebe.cc",
                    "homepage": "http://cebe.cc/",
                    "role": "Core framework development"
                },
                {
                    "name": "Timur Ruziev",
                    "email": "resurtm@gmail.com",
                    "homepage": "http://resurtm.com/",
                    "role": "Core framework development"
                },
                {
                    "name": "Paul Klimov",
                    "email": "klimov.paul@gmail.com",
                    "role": "Core framework development"
                },
                {
                    "name": "Dmitry Naumenko",
                    "email": "d.naumenko.a@gmail.com",
                    "role": "Core framework development"
                },
                {
                    "name": "Boudewijn Vahrmeijer",
                    "email": "info@dynasource.eu",
                    "homepage": "http://dynasource.eu",
                    "role": "Core framework development"
                }
            ],
            "description": "Yii Framework 3.0 cache components",
            "homepage": "http://www.yiiframework.com/",
            "keywords": [
                "cache",
                "framework",
                "yii"
            ],
            "time": "2018-07-18T08:50:56+00:00"
        },
        {
            "name": "yiisoft/core",
            "version": "dev-master",
            "source": {
                "type": "git",
                "url": "https://github.com/yiisoft/core.git",
                "reference": "1345d609f41594a3218d2ead80d516d4b434ea25"
            },
            "dist": {
                "type": "zip",
                "url": "https://api.github.com/repos/yiisoft/core/zipball/1345d609f41594a3218d2ead80d516d4b434ea25",
                "reference": "1345d609f41594a3218d2ead80d516d4b434ea25",
                "shasum": ""
            },
            "require": {
                "ext-ctype": "*",
                "ext-mbstring": "*",
                "lib-pcre": "*",
                "php": ">=7.1.0",
                "psr/container-implementation": "^1.0",
                "psr/log-implementation": "^1.0",
                "psr/simple-cache-implementation": "^1.0"
            },
            "replace": {
                "yiisoft/yii2": "*"
            },
            "require-dev": {
                "yiisoft/cache": "dev-master",
                "yiisoft/di": "dev-master",
                "yiisoft/log": "dev-master"
            },
            "suggest": {
                "ezyang/htmlpurifier": "version '~4.6' required at 'yii\\helpers\\HtmlPurifier' for 'html' data format support (e.g. 'yii\\i18n\\Formatter:asHtml()' and 'yii\\helpers\\StringHelper::truncateHtml()')",
                "yiisoft/cache": "Caching implementation",
                "yiisoft/di": "DI container implementation",
                "yiisoft/log": "Logging implementation"
            },
            "bin": [
                "bin/yii"
            ],
            "type": "library",
            "extra": {
                "config-plugin": {
                    "defines": "config/defines.php",
                    "params": "config/params.php",
                    "common": "config/common.php"
                }
            },
            "autoload": {
                "psr-4": {
                    "yii\\": "src",
                    "yiiunit\\": "tests"
                }
            },
            "notification-url": "https://packagist.org/downloads/",
            "license": [
                "BSD-3-Clause"
            ],
            "authors": [
                {
                    "name": "Qiang Xue",
                    "email": "qiang.xue@gmail.com",
                    "homepage": "http://www.yiiframework.com/",
                    "role": "Founder and project lead"
                },
                {
                    "name": "Alexander Makarov",
                    "email": "sam@rmcreative.ru",
                    "homepage": "http://rmcreative.ru/",
                    "role": "Core framework development"
                },
                {
                    "name": "Maurizio Domba",
                    "homepage": "http://mdomba.info/",
                    "role": "Core framework development"
                },
                {
                    "name": "Carsten Brandt",
                    "email": "mail@cebe.cc",
                    "homepage": "http://cebe.cc/",
                    "role": "Core framework development"
                },
                {
                    "name": "Timur Ruziev",
                    "email": "resurtm@gmail.com",
                    "homepage": "http://resurtm.com/",
                    "role": "Core framework development"
                },
                {
                    "name": "Paul Klimov",
                    "email": "klimov.paul@gmail.com",
                    "role": "Core framework development"
                },
                {
                    "name": "Dmitry Naumenko",
                    "email": "d.naumenko.a@gmail.com",
                    "role": "Core framework development"
                },
                {
                    "name": "Boudewijn Vahrmeijer",
                    "email": "info@dynasource.eu",
                    "homepage": "http://dynasource.eu",
                    "role": "Core framework development"
                }
            ],
            "description": "Yii Framework 3.0 Core",
            "homepage": "http://www.yiiframework.com/",
            "keywords": [
                "framework",
                "yii"
            ],
            "time": "2018-07-22T08:42:12+00:00"
        },
        {
            "name": "yiisoft/di",
            "version": "dev-master",
            "source": {
                "type": "git",
                "url": "https://github.com/yiisoft/di.git",
                "reference": "b3f207a85397f15e61f2e45866910deafe37e8a7"
            },
            "dist": {
                "type": "zip",
                "url": "https://api.github.com/repos/yiisoft/di/zipball/b3f207a85397f15e61f2e45866910deafe37e8a7",
                "reference": "b3f207a85397f15e61f2e45866910deafe37e8a7",
                "shasum": ""
            },
            "require": {
                "php": "^7.1.0",
                "psr/container": "1.0.0"
            },
            "provide": {
                "psr/container-implementation": "1.0.0"
            },
            "require-dev": {
                "phpunit/phpunit": "^6.4",
                "squizlabs/php_codesniffer": "^3.2"
            },
            "type": "library",
            "autoload": {
                "psr-4": {
                    "yii\\di\\": "src"
                }
            },
            "notification-url": "https://packagist.org/downloads/",
            "license": [
                "BSD-3-Clause"
            ],
            "authors": [
                {
                    "name": "Alexander Makarov",
                    "email": "sam@rmcreative.ru",
                    "homepage": "http://rmcreative.ru/",
                    "role": "Core framework development"
                }
            ],
            "description": "Yii DI container",
            "homepage": "http://www.yiiframework.com/",
            "keywords": [
                "Autowiring",
                "PSR-11",
                "container",
                "dependency",
                "di",
                "injection",
                "injector"
            ],
            "time": "2018-07-21T12:48:34+00:00"
        },
        {
            "name": "yiisoft/log",
            "version": "dev-master",
            "source": {
                "type": "git",
                "url": "https://github.com/yiisoft/log.git",
                "reference": "acd497486aa51e72a9a5b507ba9bc7a042033d9f"
            },
            "dist": {
                "type": "zip",
                "url": "https://api.github.com/repos/yiisoft/log/zipball/acd497486aa51e72a9a5b507ba9bc7a042033d9f",
                "reference": "acd497486aa51e72a9a5b507ba9bc7a042033d9f",
                "shasum": ""
            },
            "require": {
                "psr/log": "~1.0.2"
            },
            "provide": {
                "psr/log-implementation": "1.0.0"
            },
            "suggest": {
                "yiisoft/db": "version ^3.0 for saving logs to data base"
            },
            "type": "library",
            "extra": {
                "config-plugin": {
                    "params": "config/params.php",
                    "common": "config/common.php"
                }
            },
            "autoload": {
                "psr-4": {
                    "yii\\log\\": "src"
                }
            },
            "notification-url": "https://packagist.org/downloads/",
            "license": [
                "BSD-3-Clause"
            ],
            "authors": [
                {
                    "name": "Qiang Xue",
                    "email": "qiang.xue@gmail.com",
                    "homepage": "http://www.yiiframework.com/",
                    "role": "Founder and project lead"
                },
                {
                    "name": "Alexander Makarov",
                    "email": "sam@rmcreative.ru",
                    "homepage": "http://rmcreative.ru/",
                    "role": "Core framework development"
                },
                {
                    "name": "Maurizio Domba",
                    "homepage": "http://mdomba.info/",
                    "role": "Core framework development"
                },
                {
                    "name": "Carsten Brandt",
                    "email": "mail@cebe.cc",
                    "homepage": "http://cebe.cc/",
                    "role": "Core framework development"
                },
                {
                    "name": "Timur Ruziev",
                    "email": "resurtm@gmail.com",
                    "homepage": "http://resurtm.com/",
                    "role": "Core framework development"
                },
                {
                    "name": "Paul Klimov",
                    "email": "klimov.paul@gmail.com",
                    "role": "Core framework development"
                },
                {
                    "name": "Dmitry Naumenko",
                    "email": "d.naumenko.a@gmail.com",
                    "role": "Core framework development"
                },
                {
                    "name": "Boudewijn Vahrmeijer",
                    "email": "info@dynasource.eu",
                    "homepage": "http://dynasource.eu",
                    "role": "Core framework development"
                }
            ],
            "description": "Yii Framework 3.0 cache components",
            "homepage": "http://www.yiiframework.com/",
            "keywords": [
                "framework",
                "log",
                "logger",
                "yii"
            ],
            "time": "2018-07-21T17:35:47+00:00"
        }
    ],
    "packages-dev": [
        {
            "name": "hiqdev/composer-config-plugin",
            "version": "3.0.x-dev",
            "source": {
                "type": "git",
                "url": "https://github.com/hiqdev/composer-config-plugin.git",
                "reference": "55966703a6c4be81e0b8bc66da6052c67237dc10"
            },
            "dist": {
                "type": "zip",
                "url": "https://api.github.com/repos/hiqdev/composer-config-plugin/zipball/55966703a6c4be81e0b8bc66da6052c67237dc10",
                "reference": "55966703a6c4be81e0b8bc66da6052c67237dc10",
                "shasum": ""
            },
            "require": {
                "composer-plugin-api": "^1.0"
            },
            "require-dev": {
                "composer/composer": "~1.0@dev"
            },
            "type": "composer-plugin",
            "extra": {
                "class": "hiqdev\\composer\\config\\Plugin"
            },
            "autoload": {
                "psr-4": {
                    "hiqdev\\composer\\config\\": "src"
                }
            },
            "notification-url": "https://packagist.org/downloads/",
            "license": [
                "BSD-3-Clause"
            ],
            "authors": [
                {
                    "name": "Andrii Vasyliev",
                    "email": "sol@hiqdev.com",
                    "homepage": "http://hipanel.com/",
                    "role": "Project lead"
                },
                {
                    "name": "Dmitry Naumenko",
                    "email": "d.naumenko.a@gmail.com",
                    "homepage": "http://silverfire.me/",
                    "role": "Lead backend developer"
                },
                {
                    "name": "Andrey Klochok",
                    "email": "andreyklochok@gmail.com",
                    "homepage": "http://hiqdev.com/",
                    "role": "Lead frontend developer"
                },
                {
                    "name": "Yuriy Myronchuk",
                    "email": "bladeroot@gmail.com",
                    "homepage": "http://hiqdev.com/",
                    "role": "QA Lead"
                }
            ],
            "description": "Composer plugin for config assembling",
            "homepage": "https://github.com/hiqdev/composer-config-plugin",
            "keywords": [
                "assembling",
                "composer",
                "config",
                "plugin"
            ],
            "time": "2018-07-20T11:05:16+00:00"
        }
    ],
    "aliases": [],
    "minimum-stability": "stable",
    "stability-flags": {
        "yiisoft/core": 20,
        "hiqdev/composer-config-plugin": 20,
        "yiisoft/di": 20,
        "yiisoft/log": 20,
        "yiisoft/cache": 20
    },
    "prefer-stable": false,
    "prefer-lowest": false,
    "platform": [],
    "platform-dev": []
}
